
Microsoft Visual Studio Solution File, Format Version 12.00
# Visual Studio 15
VisualStudioVersion = 15.0.28307.329
MinimumVisualStudioVersion = 10.0.40219.1
Project("{FAE04EC0-301F-11D3-BF4B-00C04F79EFBC}") = "WebApplication1", "WebApplication1\WebApplication1.csproj", "{AA1B1AA2-099E-4176-85AB-F47DC99DB172}"
EndProject
Global
	GlobalSection(SolutionConfigurationPlatforms) = preSolution
		Debug|Any CPU = Debug|Any CPU
		Release|Any CPU = Release|Any CPU
	EndGlobalSection
	GlobalSection(ProjectConfigurationPlatforms) = postSolution
		{AA1B1AA2-099E-4176-85AB-F47DC99DB172}.Debug|Any CPU.ActiveCfg = Debug|Any CPU
		{AA1B1AA2-099E-4176-85AB-F47DC99DB172}.Debug|Any CPU.Build.0 = Debug|Any CPU
		{AA1B1AA2-099E-4176-85AB-F47DC99DB172}.Release|Any CPU.ActiveCfg = Release|Any CPU
		{AA1B1AA2-099E-4176-85AB-F47DC99DB172}.Release|Any CPU.Build.0 = Release|Any CPU
	EndGlobalSection
	GlobalSection(SolutionProperties) = preSolution
		HideSolutionNode = FALSE
	EndGlobalSection
	GlobalSection(ExtensibilityGlobals) = postSolution
		SolutionGuid = {654EB4D8-2EC7-4F8B-A740-7D449FC8CF8E}
	EndGlobalSection
EndGlobal
